// !$*UTF8*$!
{
	archiveVersion = 1;
	classes = {
	};
	objectVersion = 48;
	objects = {

/* Begin PBXBuildFile section */
		5FDB029C1FDDFF1700F5B053 /* AppDelegate.swift in Sources */ = {isa = PBXBuildFile; fileRef = 5FDB029B1FDDFF1700F5B053 /* AppDelegate.swift */; };
		5FDB029E1FDDFF1700F5B053 /* FurnitureVC.swift in Sources */ = {isa = PBXBuildFile; fileRef = 5FDB029D1FDDFF1700F5B053 /* FurnitureVC.swift */; };
		5FDB02A11FDDFF1700F5B053 /* Main.storyboard in Resources */ = {isa = PBXBuildFile; fileRef = 5FDB029F1FDDFF1700F5B053 /* Main.storyboard */; };
		5FDB02A31FDDFF1700F5B053 /* Assets.xcassets in Resources */ = {isa = PBXBuildFile; fileRef = 5FDB02A21FDDFF1700F5B053 /* Assets.xcassets */; };
		5FDB02A61FDDFF1700F5B053 /* LaunchScreen.storyboard in Resources */ = {isa = PBXBuildFile; fileRef = 5FDB02A41FDDFF1700F5B053 /* LaunchScreen.storyboard */; };
		5FDB02AE1FDE00A600F5B053 /* ItemCell.swift in Sources */ = {isa = PBXBuildFile; fileRef = 5FDB02AD1FDE00A600F5B053 /* ItemCell.swift */; };
		5FDB02B01FDE022F00F5B053 /* Models.scnassets in Resources */ = {isa = PBXBuildFile; fileRef = 5FDB02AF1FDE022F00F5B053 /* Models.scnassets */; };
/* End PBXBuildFile section */

/* Begin PBXFileReference section */
		5FDB02981FDDFF1700F5B053 /* FurnitureAR.app */ = {isa = PBXFileReference; explicitFileType = wrapper.application; includeInIndex = 0; path = FurnitureAR.app; sourceTree = BUILT_PRODUCTS_DIR; };
		5FDB029B1FDDFF1700F5B053 /* AppDelegate.swift */ = {isa = PBXFileReference; lastKnownFileType = sourcecode.swift; path = AppDelegate.swift; sourceTree = "<group>"; };
		5FDB029D1FDDFF1700F5B053 /* FurnitureVC.swift */ = {isa = PBXFileReference; lastKnownFileType = sourcecode.swift; path = FurnitureVC.swift; sourceTree = "<group>"; };
		5FDB02A01FDDFF1700F5B053 /* Base */ = {isa = PBXFileReference; lastKnownFileType = file.storyboard; name = Base; path = Base.lproj/Main.storyboard; sourceTree = "<group>"; };
		5FDB02A21FDDFF1700F5B053 /* Assets.xcassets */ = {isa = PBXFileReference; lastKnownFileType = folder.assetcatalog; path = Assets.xcassets; sourceTree = "<group>"; };
		5FDB02A51FDDFF1700F5B053 /* Base */ = {isa = PBXFileReference; lastKnownFileType = file.storyboard; name = Base; path = Base.lproj/LaunchScreen.storyboard; sourceTree = "<group>"; };
		5FDB02A71FDDFF1700F5B053 /* Info.plist */ = {isa = PBXFileReference; lastKnownFileType = text.plist.xml; path = Info.plist; sourceTree = "<group>"; };
		5FDB02AD1FDE00A600F5B053 /* ItemCell.swift */ = {isa = PBXFileReference; lastKnownFileType = sourcecode.swift; path = ItemCell.swift; sourceTree = "<group>"; };
		5FDB02AF1FDE022F00F5B053 /* Models.scnassets */ = {isa = PBXFileReference; lastKnownFileType = wrapper.scnassets; path = Models.scnassets; sourceTree = "<group>"; };
/* End PBXFileReference section */

/* Begin PBXFrameworksBuildPhase section */
		5FDB02951FDDFF1700F5B053 /* Frameworks */ = {
			isa = PBXFrameworksBuildPhase;
			buildActionMask = 2147483647;
			files = (
			);
			runOnlyForDeploymentPostprocessing = 0;
		};
/* End PBXFrameworksBuildPhase section */

/* Begin PBXGroup section */
		5FDB028F1FDDFF1700F5B053 = {
			isa = PBXGroup;
			children = (
				5FDB029A1FDDFF1700F5B053 /* FurnitureAR */,
				5FDB02991FDDFF1700F5B053 /* Products */,
			);
			sourceTree = "<group>";
		};
		5FDB02991FDDFF1700F5B053 /* Products */ = {
			isa = PBXGroup;
			children = (
				5FDB02981FDDFF1700F5B053 /* FurnitureAR.app */,
			);
			name = Products;
			sourceTree = "<group>";
		};
		5FDB029A1FDDFF1700F5B053 /* FurnitureAR */ = {
			isa = PBXGroup;
			children = (
				5FDB02AF1FDE022F00F5B053 /* Models.scnassets */,
				5FDB029B1FDDFF1700F5B053 /* AppDelegate.swift */,
				5FDB029D1FDDFF1700F5B053 /* FurnitureVC.swift */,
				5FDB029F1FDDFF1700F5B053 /* Main.storyboard */,
				5FDB02A21FDDFF1700F5B053 /* Assets.xcassets */,
				5FDB02A41FDDFF1700F5B053 /* LaunchScreen.storyboard */,
				5FDB02A71FDDFF1700F5B053 /* Info.plist */,
				5FDB02AD1FDE00A600F5B053 /* ItemCell.swift */,
			);
			path = FurnitureAR;
			sourceTree = "<group>";
		};
/* End PBXGroup section */

/* Begin PBXNativeTarget section */
		5FDB02971FDDFF1700F5B053 /* FurnitureAR */ = {
			isa = PBXNativeTarget;
			buildConfigurationList = 5FDB02AA1FDDFF1700F5B053 /* Build configuration list for PBXNativeTarget "FurnitureAR" */;
			buildPhases = (
				5FDB02941FDDFF1700F5B053 /* Sources */,
				5FDB02951FDDFF1700F5B053 /* Frameworks */,
				5FDB02961FDDFF1700F5B053 /* Resources */,
			);
			buildRules = (
			);
			dependencies = (
			);
			name = FurnitureAR;
			productName = FurnitureAR;
			productReference = 5FDB02981FDDFF1700F5B053 /* FurnitureAR.app */;
			productType = "com.apple.product-type.application";
		};
/* End PBXNativeTarget section */

/* Begin PBXProject section */
		5FDB02901FDDFF1700F5B053 /* Project object */ = {
			isa = PBXProject;
			attributes = {
				LastSwiftUpdateCheck = 0920;
				LastUpgradeCheck = 0920;
				ORGANIZATIONNAME = "Marcus Ng";
				TargetAttributes = {
					5FDB02971FDDFF1700F5B053 = {
						CreatedOnToolsVersion = 9.2;
						ProvisioningStyle = Automatic;
					};
				};
			};
			buildConfigurationList = 5FDB02931FDDFF1700F5B053 /* Build configuration list for PBXProject "FurnitureAR" */;
			compatibilityVersion = "Xcode 8.0";
			developmentRegion = en;
			hasScannedForEncodings = 0;
			knownRegions = (
				en,
				Base,
			);
			mainGroup = 5FDB028F1FDDFF1700F5B053;
			productRefGroup = 5FDB02991FDDFF1700F5B053 /* Products */;
			projectDirPath = "";
			projectRoot = "";
			targets = (
				5FDB02971FDDFF1700F5B053 /* FurnitureAR */,
			);
		};
/* End PBXProject section */

/* Begin PBXResourcesBuildPhase section */
		5FDB02961FDDFF1700F5B053 /* Resources */ = {
			isa = PBXResourcesBuildPhase;
			buildActionMask = 2147483647;
			files = (
				5FDB02A61FDDFF1700F5B053 /* LaunchScreen.storyboard in Resources */,
				5FDB02B01FDE022F00F5B053 /* Models.scnassets in Resources */,
				5FDB02A31FDDFF1700F5B053 /* Assets.xcassets in Resources */,
				5FDB02A11FDDFF1700F5B053 /* Main.storyboard in Resources */,
			);
			runOnlyForDeploymentPostprocessing = 0;
		};
/* End PBXResourcesBuildPhase section */

/* Begin PBXSourcesBuildPhase section */
		5FDB02941FDDFF1700F5B053 /* Sources */ = {
			isa = PBXSourcesBuildPhase;
			buildActionMask = 2147483647;
			files = (
				5FDB029E1FDDFF1700F5B053 /* FurnitureVC.swift in Sources */,
				5FDB029C1FDDFF1700F5B053 /* AppDelegate.swift in Sources */,
				5FDB02AE1FDE00A600F5B053 /* ItemCell.swift in Sources */,
			);
			runOnlyForDeploymentPostprocessing = 0;
		};
/* End PBXSourcesBuildPhase section */

/* Begin PBXVariantGroup section */
		5FDB029F1FDDFF1700F5B053 /* Main.storyboard */ = {
			isa = PBXVariantGroup;
			children = (
				5FDB02A01FDDFF1700F5B053 /* Base */,
			);
			name = Main.storyboard;
			sourceTree = "<group>";
		};
		5FDB02A41FDDFF1700F5B053 /* LaunchScreen.storyboard */ = {
			isa = PBXVariantGroup;
			children = (
				5FDB02A51FDDFF1700F5B053 /* Base */,
			);
			name = LaunchScreen.storyboard;
			sourceTree = "<group>";
		};
/* End PBXVariantGroup section */

/* Begin XCBuildConfiguration section */
		5FDB02A81FDDFF1700F5B053 /* Debug */ = {
			isa = XCBuildConfiguration;
			buildSettings = {
				ALWAYS_SEARCH_USER_PATHS = NO;
				CLANG_ANALYZER_NONNULL = YES;
				CLANG_ANALYZER_NUMBER_OBJECT_CONVERSION = YES_AGGRESSIVE;
				CLANG_CXX_LANGUAGE_STANDARD = "gnu++14";
				CLANG_CXX_LIBRARY = "libc++";
				CLANG_ENABLE_MODULES = YES;
				CLANG_ENABLE_OBJC_ARC = YES;
				CLANG_WARN_BLOCK_CAPTURE_AUTORELEASING = YES;
				CLANG_WARN_BOOL_CONVERSION = YES;
				CLANG_WARN_COMMA = YES;
				CLANG_WARN_CONSTANT_CONVERSION = YES;
				CLANG_WARN_DIRECT_OBJC_ISA_USAGE = YES_ERROR;
				CLANG_WARN_DOCUMENTATION_COMMENTS = YES;
				CLANG_WARN_EMPTY_BODY = YES;
				CLANG_WARN_ENUM_CONVERSION = YES;
				CLANG_WARN_INFINITE_RECURSION = YES;
				CLANG_WARN_INT_CONVERSION = YES;
				CLANG_WARN_NON_LITERAL_NULL_CONVERSION = YES;
				CLANG_WARN_OBJC_LITERAL_CONVERSION = YES;
				CLANG_WARN_OBJC_ROOT_CLASS = YES_ERROR;
				CLANG_WARN_RANGE_LOOP_ANALYSIS = YES;
				CLANG_WARN_STRICT_PROTOTYPES = YES;
				CLANG_WARN_SUSPICIOUS_MOVE = YES;
				CLANG_WARN_UNGUARDED_AVAILABILITY = YES_AGGRESSIVE;
				CLANG_WARN_UNREACHABLE_CODE = YES;
				CLANG_WARN__DUPLICATE_METHOD_MATCH = YES;
				CODE_SIGN_IDENTITY = "iPhone Developer";
				COPY_PHASE_STRIP = NO;
				DEBUG_INFORMATION_FORMAT = dwarf;
				ENABLE_STRICT_OBJC_MSGSEND = YES;
				ENABLE_TESTABILITY = YES;
				GCC_C_LANGUAGE_STANDARD = gnu11;
				GCC_DYNAMIC_NO_PIC = NO;
				GCC_NO_COMMON_BLOCKS = YES;
				GCC_OPTIMIZATION_LEVEL = 0;
				GCC_PREPROCESSOR_DEFINITIONS = (
					"DEBUG=1",
					"$(inherited)",
				);
				GCC_WARN_64_TO_32_BIT_CONVERSION = YES;
				GCC_WARN_ABOUT_RETURN_TYPE = YES_ERROR;
				GCC_WARN_UNDECLARED_SELECTOR = YES;
				GCC_WARN_UNINITIALIZED_AUTOS = YES_AGGRESSIVE;
				GCC_WARN_UNUSED_FUNCTION = YES;
				GCC_WARN_UNUSED_VARIABLE = YES;
				IPHONEOS_DEPLOYMENT_TARGET = 11.2;
				MTL_ENABLE_DEBUG_INFO = YES;
				ONLY_ACTIVE_ARCH = YES;
				SDKROOT = iphoneos;
				SWIFT_ACTIVE_COMPILATION_CONDITIONS = DEBUG;
				SWIFT_OPTIMIZATION_LEVEL = "-Onone";
			};
			name = Debug;
		};
		5FDB02A91FDDFF1700F5B053 /* Release */ = {
			isa = XCBuildConfiguration;
			buildSettings = {
				ALWAYS_SEARCH_USER_PATHS = NO;
				CLANG_ANALYZER_NONNULL = YES;
				CLANG_ANALYZER_NUMBER_OBJECT_CONVERSION = YES_AGGRESSIVE;
				CLANG_CXX_LANGUAGE_STANDARD = "gnu++14";
				CLANG_CXX_LIBRARY = "libc++";
				CLANG_ENABLE_MODULES = YES;
				CLANG_ENABLE_OBJC_ARC = YES;
				CLANG_WARN_BLOCK_CAPTURE_AUTORELEASING = YES;
				CLANG_WARN_BOOL_CONVERSION = YES;
				CLANG_WARN_COMMA = YES;
				CLANG_WARN_CONSTANT_CONVERSION = YES;
				CLANG_WARN_DIRECT_OBJC_ISA_USAGE = YES_ERROR;
				CLANG_WARN_DOCUMENTATION_COMMENTS = YES;
				CLANG_WARN_EMPTY_BODY = YES;
				CLANG_WARN_ENUM_CONVERSION = YES;
				CLANG_WARN_INFINITE_RECURSION = YES;
				CLANG_WARN_INT_CONVERSION = YES;
				CLANG_WARN_NON_LITERAL_NULL_CONVERSION = YES;
				CLANG_WARN_OBJC_LITERAL_CONVERSION = YES;
				CLANG_WARN_OBJC_ROOT_CLASS = YES_ERROR;
				CLANG_WARN_RANGE_LOOP_ANALYSIS = YES;
				CLANG_WARN_STRICT_PROTOTYPES = YES;
				CLANG_WARN_SUSPICIOUS_MOVE = YES;
				CLANG_WARN_UNGUARDED_AVAILABILITY = YES_AGGRESSIVE;
				CLANG_WARN_UNREACHABLE_CODE = YES;
				CLANG_WARN__DUPLICATE_METHOD_MATCH = YES;
				CODE_SIGN_IDENTITY = "iPhone Developer";
				COPY_PHASE_STRIP = NO;
				DEBUG_INFORMATION_FORMAT = "dwarf-with-dsym";
				ENABLE_NS_ASSERTIONS = NO;
				ENABLE_STRICT_OBJC_MSGSEND = YES;
				GCC_C_LANGUAGE_STANDARD = gnu11;
				GCC_NO_COMMON_BLOCKS = YES;
				GCC_WARN_64_TO_32_BIT_CONVERSION = YES;
				GCC_WARN_ABOUT_RETURN_TYPE = YES_ERROR;
				GCC_WARN_UNDECLARED_SELECTOR = YES;
				GCC_WARN_UNINITIALIZED_AUTOS = YES_AGGRESSIVE;
				GCC_WARN_UNUSED_FUNCTION = YES;
				GCC_WARN_UNUSED_VARIABLE = YES;
				IPHONEOS_DEPLOYMENT_TARGET = 11.2;
				MTL_ENABLE_DEBUG_INFO = NO;
				SDKROOT = iphoneos;
				SWIFT_OPTIMIZATION_LEVEL = "-Owholemodule";
				VALIDATE_PRODUCT = YES;
			};
			name = Release;
		};
		5FDB02AB1FDDFF1700F5B053 /* Debug */ = {
			isa = XCBuildConfiguration;
			buildSettings = {
				ASSETCATALOG_COMPILER_APPICON_NAME = AppIcon;
				CODE_SIGN_STYLE = Automatic;
				DEVELOPMENT_TEAM = 8YCPCF4H7X;
				INFOPLIST_FILE = FurnitureAR/Info.plist;
				LD_RUNPATH_SEARCH_PATHS = "$(inherited) @executable_path/Frameworks";
				PRODUCT_BUNDLE_IDENTIFIER = com.MarcusNg.FurnitureAR;
				PRODUCT_NAME = "$(TARGET_NAME)";
				SWIFT_VERSION = 4.0;
				TARGETED_DEVICE_FAMILY = "1,2";
			};
			name = Debug;
		};
		5FDB02AC1FDDFF1700F5B053 /* Release */ = {
			isa = XCBuildConfiguration;
			buildSettings = {
				ASSETCATALOG_COMPILER_APPICON_NAME = AppIcon;
				CODE_SIGN_STYLE = Automatic;
				DEVELOPMENT_TEAM = 8YCPCF4H7X;
				INFOPLIST_FILE = FurnitureAR/Info.plist;
				LD_RUNPATH_SEARCH_PATHS = "$(inherited) @executable_path/Frameworks";
				PRODUCT_BUNDLE_IDENTIFIER = com.MarcusNg.FurnitureAR;
				PRODUCT_NAME = "$(TARGET_NAME)";
				SWIFT_VERSION = 4.0;
				TARGETED_DEVICE_FAMILY = "1,2";
			};
			name = Release;
		};
/* End XCBuildConfiguration section */

/* Begin XCConfigurationList section */
		5FDB02931FDDFF1700F5B053 /* Build configuration list for PBXProject "FurnitureAR" */ = {
			isa = XCConfigurationList;
			buildConfigurations = (
				5FDB02A81FDDFF1700F5B053 /* Debug */,
				5FDB02A91FDDFF1700F5B053 /* Release */,
			);
			defaultConfigurationIsVisible = 0;
			defaultConfigurationName = Release;
		};
		5FDB02AA1FDDFF1700F5B053 /* Build configuration list for PBXNativeTarget "FurnitureAR" */ = {
			isa = XCConfigurationList;
			buildConfigurations = (
				5FDB02AB1FDDFF1700F5B053 /* Debug */,
				5FDB02AC1FDDFF1700F5B053 /* Release */,
			);
			defaultConfigurationIsVisible = 0;
			defaultConfigurationName = Release;
		};
/* End XCConfigurationList section */
	};
	rootObject = 5FDB02901FDDFF1700F5B053 /* Project object */;
}
